// !$*UTF8*$!
{
	archiveVersion = 1;
	classes = {
	};
	objectVersion = 48;
	objects = {

/* Begin PBXBuildFile section */
		40F2A0AA2099E49F006BA252 /* ReviewVisit.storyboard in Resources */ = {isa = PBXBuildFile; fileRef = 40F2A0A92099E49F006BA252 /* ReviewVisit.storyboard */; };
		7D1D8BA420972DD8003A66AA /* Customer.storyboard in Resources */ = {isa = PBXBuildFile; fileRef = 7D1D8BA320972DD8003A66AA /* Customer.storyboard */; };
		7D28ACFE2096083D004E8C03 /* LoginVC.swift in Sources */ = {isa = PBXBuildFile; fileRef = 7D28ACFD2096083D004E8C03 /* LoginVC.swift */; };
		7D719BDE209617D900923742 /* Visit.storyboard in Resources */ = {isa = PBXBuildFile; fileRef = 7D719BDD209617D900923742 /* Visit.storyboard */; };
		7D88A8892095D7D10004438A /* AppDelegate.swift in Sources */ = {isa = PBXBuildFile; fileRef = 7D88A8882095D7D10004438A /* AppDelegate.swift */; };
		7D88A88B2095D7D10004438A /* ViewController.swift in Sources */ = {isa = PBXBuildFile; fileRef = 7D88A88A2095D7D10004438A /* ViewController.swift */; };
		7D88A88E2095D7D10004438A /* Main.storyboard in Resources */ = {isa = PBXBuildFile; fileRef = 7D88A88C2095D7D10004438A /* Main.storyboard */; };
		7D88A8902095D7D10004438A /* Assets.xcassets in Resources */ = {isa = PBXBuildFile; fileRef = 7D88A88F2095D7D10004438A /* Assets.xcassets */; };
		7D88A8932095D7D10004438A /* LaunchScreen.storyboard in Resources */ = {isa = PBXBuildFile; fileRef = 7D88A8912095D7D10004438A /* LaunchScreen.storyboard */; };
		7D88A89E2095DD6D0004438A /* Login.storyboard in Resources */ = {isa = PBXBuildFile; fileRef = 7D88A89D2095DD6D0004438A /* Login.storyboard */; };
/* End PBXBuildFile section */

/* Begin PBXFileReference section */
		40F2A0A92099E49F006BA252 /* ReviewVisit.storyboard */ = {isa = PBXFileReference; lastKnownFileType = file.storyboard; path = ReviewVisit.storyboard; sourceTree = "<group>"; };
		7D1D8BA320972DD8003A66AA /* Customer.storyboard */ = {isa = PBXFileReference; lastKnownFileType = file.storyboard; path = Customer.storyboard; sourceTree = "<group>"; };
		7D28ACFD2096083D004E8C03 /* LoginVC.swift */ = {isa = PBXFileReference; lastKnownFileType = sourcecode.swift; name = LoginVC.swift; path = Login/LoginVC.swift; sourceTree = "<group>"; };
		7D719BDD209617D900923742 /* Visit.storyboard */ = {isa = PBXFileReference; lastKnownFileType = file.storyboard; path = Visit.storyboard; sourceTree = "<group>"; };
		7D88A8852095D7D10004438A /* Sales.app */ = {isa = PBXFileReference; explicitFileType = wrapper.application; includeInIndex = 0; path = Sales.app; sourceTree = BUILT_PRODUCTS_DIR; };
		7D88A8882095D7D10004438A /* AppDelegate.swift */ = {isa = PBXFileReference; lastKnownFileType = sourcecode.swift; path = AppDelegate.swift; sourceTree = "<group>"; };
		7D88A88A2095D7D10004438A /* ViewController.swift */ = {isa = PBXFileReference; lastKnownFileType = sourcecode.swift; path = ViewController.swift; sourceTree = "<group>"; };
		7D88A88D2095D7D10004438A /* Base */ = {isa = PBXFileReference; lastKnownFileType = file.storyboard; name = Base; path = Base.lproj/Main.storyboard; sourceTree = "<group>"; };
		7D88A88F2095D7D10004438A /* Assets.xcassets */ = {isa = PBXFileReference; lastKnownFileType = folder.assetcatalog; path = Assets.xcassets; sourceTree = "<group>"; };
		7D88A8922095D7D10004438A /* Base */ = {isa = PBXFileReference; lastKnownFileType = file.storyboard; name = Base; path = Base.lproj/LaunchScreen.storyboard; sourceTree = "<group>"; };
		7D88A8942095D7D10004438A /* Info.plist */ = {isa = PBXFileReference; lastKnownFileType = text.plist.xml; path = Info.plist; sourceTree = "<group>"; };
		7D88A89D2095DD6D0004438A /* Login.storyboard */ = {isa = PBXFileReference; lastKnownFileType = file.storyboard; path = Login.storyboard; sourceTree = "<group>"; };
/* End PBXFileReference section */

/* Begin PBXFrameworksBuildPhase section */
		7D88A8822095D7D10004438A /* Frameworks */ = {
			isa = PBXFrameworksBuildPhase;
			buildActionMask = 2147483647;
			files = (
			);
			runOnlyForDeploymentPostprocessing = 0;
		};
/* End PBXFrameworksBuildPhase section */

/* Begin PBXGroup section */
		7D88A87C2095D7D10004438A = {
			isa = PBXGroup;
			children = (
				7D88A8872095D7D10004438A /* Sales */,
				7D88A8862095D7D10004438A /* Products */,
			);
			sourceTree = "<group>";
		};
		7D88A8862095D7D10004438A /* Products */ = {
			isa = PBXGroup;
			children = (
				7D88A8852095D7D10004438A /* Sales.app */,
			);
			name = Products;
			sourceTree = "<group>";
		};
		7D88A8872095D7D10004438A /* Sales */ = {
			isa = PBXGroup;
			children = (
				7D88A89C2095D8180004438A /* Controller */,
				7D88A89B2095D80A0004438A /* View */,
				7D88A89A2095D7F80004438A /* Model */,
				7D88A8882095D7D10004438A /* AppDelegate.swift */,
				7D88A88A2095D7D10004438A /* ViewController.swift */,
				7D88A88C2095D7D10004438A /* Main.storyboard */,
				7D88A88F2095D7D10004438A /* Assets.xcassets */,
				7D88A8912095D7D10004438A /* LaunchScreen.storyboard */,
				7D88A8942095D7D10004438A /* Info.plist */,
			);
			path = Sales;
			sourceTree = "<group>";
		};
		7D88A89A2095D7F80004438A /* Model */ = {
			isa = PBXGroup;
			children = (
			);
			path = Model;
			sourceTree = "<group>";
		};
		7D88A89B2095D80A0004438A /* View */ = {
			isa = PBXGroup;
			children = (
				7D88A89D2095DD6D0004438A /* Login.storyboard */,
				7D719BDD209617D900923742 /* Visit.storyboard */,
				7D1D8BA320972DD8003A66AA /* Customer.storyboard */,
				40F2A0A92099E49F006BA252 /* ReviewVisit.storyboard */,
			);
			path = View;
			sourceTree = "<group>";
		};
		7D88A89C2095D8180004438A /* Controller */ = {
			isa = PBXGroup;
			children = (
				7D28ACFD2096083D004E8C03 /* LoginVC.swift */,
			);
			path = Controller;
			sourceTree = "<group>";
		};
/* End PBXGroup section */

/* Begin PBXNativeTarget section */
		7D88A8842095D7D10004438A /* Sales */ = {
			isa = PBXNativeTarget;
			buildConfigurationList = 7D88A8972095D7D10004438A /* Build configuration list for PBXNativeTarget "Sales" */;
			buildPhases = (
				7D88A8812095D7D10004438A /* Sources */,
				7D88A8822095D7D10004438A /* Frameworks */,
				7D88A8832095D7D10004438A /* Resources */,
			);
			buildRules = (
			);
			dependencies = (
			);
			name = Sales;
			productName = Sales;
			productReference = 7D88A8852095D7D10004438A /* Sales.app */;
			productType = "com.apple.product-type.application";
		};
/* End PBXNativeTarget section */

/* Begin PBXProject section */
		7D88A87D2095D7D10004438A /* Project object */ = {
			isa = PBXProject;
			attributes = {
				LastSwiftUpdateCheck = 0910;
				LastUpgradeCheck = 0910;
				ORGANIZATIONNAME = AmrObjection;
				TargetAttributes = {
					7D88A8842095D7D10004438A = {
						CreatedOnToolsVersion = 9.1;
						ProvisioningStyle = Automatic;
					};
				};
			};
			buildConfigurationList = 7D88A8802095D7D10004438A /* Build configuration list for PBXProject "Sales" */;
			compatibilityVersion = "Xcode 8.0";
			developmentRegion = en;
			hasScannedForEncodings = 0;
			knownRegions = (
				en,
				Base,
			);
			mainGroup = 7D88A87C2095D7D10004438A;
			productRefGroup = 7D88A8862095D7D10004438A /* Products */;
			projectDirPath = "";
			projectRoot = "";
			targets = (
				7D88A8842095D7D10004438A /* Sales */,
			);
		};
/* End PBXProject section */

/* Begin PBXResourcesBuildPhase section */
		7D88A8832095D7D10004438A /* Resources */ = {
			isa = PBXResourcesBuildPhase;
			buildActionMask = 2147483647;
			files = (
				7D1D8BA420972DD8003A66AA /* Customer.storyboard in Resources */,
				7D88A89E2095DD6D0004438A /* Login.storyboard in Resources */,
				7D88A8932095D7D10004438A /* LaunchScreen.storyboard in Resources */,
				40F2A0AA2099E49F006BA252 /* ReviewVisit.storyboard in Resources */,
				7D88A8902095D7D10004438A /* Assets.xcassets in Resources */,
				7D719BDE209617D900923742 /* Visit.storyboard in Resources */,
				7D88A88E2095D7D10004438A /* Main.storyboard in Resources */,
			);
			runOnlyForDeploymentPostprocessing = 0;
		};
/* End PBXResourcesBuildPhase section */

/* Begin PBXSourcesBuildPhase section */
		7D88A8812095D7D10004438A /* Sources */ = {
			isa = PBXSourcesBuildPhase;
			buildActionMask = 2147483647;
			files = (
				7D88A88B2095D7D10004438A /* ViewController.swift in Sources */,
				7D88A8892095D7D10004438A /* AppDelegate.swift in Sources */,
				7D28ACFE2096083D004E8C03 /* LoginVC.swift in Sources */,
			);
			runOnlyForDeploymentPostprocessing = 0;
		};
/* End PBXSourcesBuildPhase section */

/* Begin PBXVariantGroup section */
		7D88A88C2095D7D10004438A /* Main.storyboard */ = {
			isa = PBXVariantGroup;
			children = (
				7D88A88D2095D7D10004438A /* Base */,
			);
			name = Main.storyboard;
			sourceTree = "<group>";
		};
		7D88A8912095D7D10004438A /* LaunchScreen.storyboard */ = {
			isa = PBXVariantGroup;
			children = (
				7D88A8922095D7D10004438A /* Base */,
			);
			name = LaunchScreen.storyboard;
			sourceTree = "<group>";
		};
/* End PBXVariantGroup section */

/* Begin XCBuildConfiguration section */
		7D88A8952095D7D10004438A /* Debug */ = {
			isa = XCBuildConfiguration;
			buildSettings = {
				ALWAYS_SEARCH_USER_PATHS = NO;
				CLANG_ANALYZER_NONNULL = YES;
				CLANG_ANALYZER_NUMBER_OBJECT_CONVERSION = YES_AGGRESSIVE;
				CLANG_CXX_LANGUAGE_STANDARD = "gnu++14";
				CLANG_CXX_LIBRARY = "libc++";
				CLANG_ENABLE_MODULES = YES;
				CLANG_ENABLE_OBJC_ARC = YES;
				CLANG_WARN_BLOCK_CAPTURE_AUTORELEASING = YES;
				CLANG_WARN_BOOL_CONVERSION = YES;
				CLANG_WARN_COMMA = YES;
				CLANG_WARN_CONSTANT_CONVERSION = YES;
				CLANG_WARN_DIRECT_OBJC_ISA_USAGE = YES_ERROR;
				CLANG_WARN_DOCUMENTATION_COMMENTS = YES;
				CLANG_WARN_EMPTY_BODY = YES;
				CLANG_WARN_ENUM_CONVERSION = YES;
				CLANG_WARN_INFINITE_RECURSION = YES;
				CLANG_WARN_INT_CONVERSION = YES;
				CLANG_WARN_NON_LITERAL_NULL_CONVERSION = YES;
				CLANG_WARN_OBJC_LITERAL_CONVERSION = YES;
				CLANG_WARN_OBJC_ROOT_CLASS = YES_ERROR;
				CLANG_WARN_RANGE_LOOP_ANALYSIS = YES;
				CLANG_WARN_STRICT_PROTOTYPES = YES;
				CLANG_WARN_SUSPICIOUS_MOVE = YES;
				CLANG_WARN_UNGUARDED_AVAILABILITY = YES_AGGRESSIVE;
				CLANG_WARN_UNREACHABLE_CODE = YES;
				CLANG_WARN__DUPLICATE_METHOD_MATCH = YES;
				CODE_SIGN_IDENTITY = "iPhone Developer";
				COPY_PHASE_STRIP = NO;
				DEBUG_INFORMATION_FORMAT = dwarf;
				ENABLE_STRICT_OBJC_MSGSEND = YES;
				ENABLE_TESTABILITY = YES;
				GCC_C_LANGUAGE_STANDARD = gnu11;
				GCC_DYNAMIC_NO_PIC = NO;
				GCC_NO_COMMON_BLOCKS = YES;
				GCC_OPTIMIZATION_LEVEL = 0;
				GCC_PREPROCESSOR_DEFINITIONS = (
					"DEBUG=1",
					"$(inherited)",
				);
				GCC_WARN_64_TO_32_BIT_CONVERSION = YES;
				GCC_WARN_ABOUT_RETURN_TYPE = YES_ERROR;
				GCC_WARN_UNDECLARED_SELECTOR = YES;
				GCC_WARN_UNINITIALIZED_AUTOS = YES_AGGRESSIVE;
				GCC_WARN_UNUSED_FUNCTION = YES;
				GCC_WARN_UNUSED_VARIABLE = YES;
				IPHONEOS_DEPLOYMENT_TARGET = 11.1;
				MTL_ENABLE_DEBUG_INFO = YES;
				ONLY_ACTIVE_ARCH = YES;
				SDKROOT = iphoneos;
				SWIFT_ACTIVE_COMPILATION_CONDITIONS = DEBUG;
				SWIFT_OPTIMIZATION_LEVEL = "-Onone";
			};
			name = Debug;
		};
		7D88A8962095D7D10004438A /* Release */ = {
			isa = XCBuildConfiguration;
			buildSettings = {
				ALWAYS_SEARCH_USER_PATHS = NO;
				CLANG_ANALYZER_NONNULL = YES;
				CLANG_ANALYZER_NUMBER_OBJECT_CONVERSION = YES_AGGRESSIVE;
				CLANG_CXX_LANGUAGE_STANDARD = "gnu++14";
				CLANG_CXX_LIBRARY = "libc++";
				CLANG_ENABLE_MODULES = YES;
				CLANG_ENABLE_OBJC_ARC = YES;
				CLANG_WARN_BLOCK_CAPTURE_AUTORELEASING = YES;
				CLANG_WARN_BOOL_CONVERSION = YES;
				CLANG_WARN_COMMA = YES;
				CLANG_WARN_CONSTANT_CONVERSION = YES;
				CLANG_WARN_DIRECT_OBJC_ISA_USAGE = YES_ERROR;
				CLANG_WARN_DOCUMENTATION_COMMENTS = YES;
				CLANG_WARN_EMPTY_BODY = YES;
				CLANG_WARN_ENUM_CONVERSION = YES;
				CLANG_WARN_INFINITE_RECURSION = YES;
				CLANG_WARN_INT_CONVERSION = YES;
				CLANG_WARN_NON_LITERAL_NULL_CONVERSION = YES;
				CLANG_WARN_OBJC_LITERAL_CONVERSION = YES;
				CLANG_WARN_OBJC_ROOT_CLASS = YES_ERROR;
				CLANG_WARN_RANGE_LOOP_ANALYSIS = YES;
				CLANG_WARN_STRICT_PROTOTYPES = YES;
				CLANG_WARN_SUSPICIOUS_MOVE = YES;
				CLANG_WARN_UNGUARDED_AVAILABILITY = YES_AGGRESSIVE;
				CLANG_WARN_UNREACHABLE_CODE = YES;
				CLANG_WARN__DUPLICATE_METHOD_MATCH = YES;
				CODE_SIGN_IDENTITY = "iPhone Developer";
				COPY_PHASE_STRIP = NO;
				DEBUG_INFORMATION_FORMAT = "dwarf-with-dsym";
				ENABLE_NS_ASSERTIONS = NO;
				ENABLE_STRICT_OBJC_MSGSEND = YES;
				GCC_C_LANGUAGE_STANDARD = gnu11;
				GCC_NO_COMMON_BLOCKS = YES;
				GCC_WARN_64_TO_32_BIT_CONVERSION = YES;
				GCC_WARN_ABOUT_RETURN_TYPE = YES_ERROR;
				GCC_WARN_UNDECLARED_SELECTOR = YES;
				GCC_WARN_UNINITIALIZED_AUTOS = YES_AGGRESSIVE;
				GCC_WARN_UNUSED_FUNCTION = YES;
				GCC_WARN_UNUSED_VARIABLE = YES;
				IPHONEOS_DEPLOYMENT_TARGET = 11.1;
				MTL_ENABLE_DEBUG_INFO = NO;
				SDKROOT = iphoneos;
				SWIFT_OPTIMIZATION_LEVEL = "-Owholemodule";
				VALIDATE_PRODUCT = YES;
			};
			name = Release;
		};
		7D88A8982095D7D10004438A /* Debug */ = {
			isa = XCBuildConfiguration;
			buildSettings = {
				ASSETCATALOG_COMPILER_APPICON_NAME = AppIcon;
				CODE_SIGN_STYLE = Automatic;
				INFOPLIST_FILE = Sales/Info.plist;
				LD_RUNPATH_SEARCH_PATHS = "$(inherited) @executable_path/Frameworks";
				PRODUCT_BUNDLE_IDENTIFIER = com.amr.net.Sales;
				PRODUCT_NAME = "$(TARGET_NAME)";
				SWIFT_VERSION = 4.0;
				TARGETED_DEVICE_FAMILY = "1,2";
			};
			name = Debug;
		};
		7D88A8992095D7D10004438A /* Release */ = {
			isa = XCBuildConfiguration;
			buildSettings = {
				ASSETCATALOG_COMPILER_APPICON_NAME = AppIcon;
				CODE_SIGN_STYLE = Automatic;
				INFOPLIST_FILE = Sales/Info.plist;
				LD_RUNPATH_SEARCH_PATHS = "$(inherited) @executable_path/Frameworks";
				PRODUCT_BUNDLE_IDENTIFIER = com.amr.net.Sales;
				PRODUCT_NAME = "$(TARGET_NAME)";
				SWIFT_VERSION = 4.0;
				TARGETED_DEVICE_FAMILY = "1,2";
			};
			name = Release;
		};
/* End XCBuildConfiguration section */

/* Begin XCConfigurationList section */
		7D88A8802095D7D10004438A /* Build configuration list for PBXProject "Sales" */ = {
			isa = XCConfigurationList;
			buildConfigurations = (
				7D88A8952095D7D10004438A /* Debug */,
				7D88A8962095D7D10004438A /* Release */,
			);
			defaultConfigurationIsVisible = 0;
			defaultConfigurationName = Release;
		};
		7D88A8972095D7D10004438A /* Build configuration list for PBXNativeTarget "Sales" */ = {
			isa = XCConfigurationList;
			buildConfigurations = (
				7D88A8982095D7D10004438A /* Debug */,
				7D88A8992095D7D10004438A /* Release */,
			);
			defaultConfigurationIsVisible = 0;
			defaultConfigurationName = Release;
		};
/* End XCConfigurationList section */
	};
	rootObject = 7D88A87D2095D7D10004438A /* Project object */;
}
